
Microsoft Visual Studio Solution File, Format Version 12.00
# Visual Studio Version 17
VisualStudioVersion = 17.2.32630.192
MinimumVisualStudioVersion = 10.0.40219.1
Project("{2150E333-8FDC-42A3-9474-1A3956D46DE8}") = "Services", "Services", "{31EC85D0-BE6F-459C-867F-BBA722C93998}"
EndProject
Project("{2150E333-8FDC-42A3-9474-1A3956D46DE8}") = "Movies", "Movies", "{635C92EF-A95A-4687-84DD-E8637948A45A}"
EndProject
Project("{2150E333-8FDC-42A3-9474-1A3956D46DE8}") = "Genres", "Genres", "{F8297A6A-2D88-4ADD-A23E-7DE010743AC2}"
EndProject
Project("{2150E333-8FDC-42A3-9474-1A3956D46DE8}") = "Actors", "Actors", "{2EE3BB6E-3773-4890-80CA-8C0AFC72F04D}"
EndProject
Project("{2150E333-8FDC-42A3-9474-1A3956D46DE8}") = "tests", "tests", "{83784C4B-2B59-4066-8FDC-BE27C2CFA44F}"
EndProject
Project("{2150E333-8FDC-42A3-9474-1A3956D46DE8}") = "Tests", "Tests", "{CA19EF8C-1F04-4DDD-A8AB-5926B5512111}"
EndProject
Project("{2150E333-8FDC-42A3-9474-1A3956D46DE8}") = "Tests", "Tests", "{FC4393A4-0BA2-46ED-BC50-69C754D8D408}"
EndProject
Project("{2150E333-8FDC-42A3-9474-1A3956D46DE8}") = "Frontend", "Frontend", "{F49FA44E-3EA4-454E-92D0-5C8AF0178BE1}"
EndProject
Project("{2150E333-8FDC-42A3-9474-1A3956D46DE8}") = "BuildingBlocks", "BuildingBlocks", "{796131DD-D4CF-49E4-87D6-6451AA59C641}"
EndProject
Project("{2150E333-8FDC-42A3-9474-1A3956D46DE8}") = "ApiGateways", "ApiGateways", "{6944155B-D2E0-482A-88F4-D0ECBA3FD7F1}"
EndProject
Project("{FAE04EC0-301F-11D3-BF4B-00C04F79EFBC}") = "Domain", "BuildingBlocks\Domain\Domain.csproj", "{557889E8-E3A0-4E74-B9B1-D6F055D12123}"
EndProject
Global
	GlobalSection(SolutionConfigurationPlatforms) = preSolution
		Debug|Any CPU = Debug|Any CPU
		Release|Any CPU = Release|Any CPU
	EndGlobalSection
	GlobalSection(ProjectConfigurationPlatforms) = postSolution
		{557889E8-E3A0-4E74-B9B1-D6F055D12123}.Debug|Any CPU.ActiveCfg = Debug|Any CPU
		{557889E8-E3A0-4E74-B9B1-D6F055D12123}.Debug|Any CPU.Build.0 = Debug|Any CPU
		{557889E8-E3A0-4E74-B9B1-D6F055D12123}.Release|Any CPU.ActiveCfg = Release|Any CPU
		{557889E8-E3A0-4E74-B9B1-D6F055D12123}.Release|Any CPU.Build.0 = Release|Any CPU
	EndGlobalSection
	GlobalSection(SolutionProperties) = preSolution
		HideSolutionNode = FALSE
	EndGlobalSection
	GlobalSection(NestedProjects) = preSolution
		{635C92EF-A95A-4687-84DD-E8637948A45A} = {31EC85D0-BE6F-459C-867F-BBA722C93998}
		{F8297A6A-2D88-4ADD-A23E-7DE010743AC2} = {31EC85D0-BE6F-459C-867F-BBA722C93998}
		{2EE3BB6E-3773-4890-80CA-8C0AFC72F04D} = {31EC85D0-BE6F-459C-867F-BBA722C93998}
		{83784C4B-2B59-4066-8FDC-BE27C2CFA44F} = {2EE3BB6E-3773-4890-80CA-8C0AFC72F04D}
		{CA19EF8C-1F04-4DDD-A8AB-5926B5512111} = {F8297A6A-2D88-4ADD-A23E-7DE010743AC2}
		{FC4393A4-0BA2-46ED-BC50-69C754D8D408} = {635C92EF-A95A-4687-84DD-E8637948A45A}
		{557889E8-E3A0-4E74-B9B1-D6F055D12123} = {796131DD-D4CF-49E4-87D6-6451AA59C641}
	EndGlobalSection
	GlobalSection(ExtensibilityGlobals) = postSolution
		SolutionGuid = {C90A1A66-7572-44AB-8A6F-3693AA86991C}
	EndGlobalSection
EndGlobal
